
Microsoft Visual Studio Solution File, Format Version 12.00
# Visual Studio 15
VisualStudioVersion = 15.0.27130.2003
MinimumVisualStudioVersion = 10.0.40219.1
Project("{888888A0-9F3D-457C-B088-3A5042F75D52}") = "BKRCast", "BKRCast.pyproj", "{B2F98D5E-11B5-44D7-B163-3A3B317678D3}"
EndProject
Global
	GlobalSection(SolutionConfigurationPlatforms) = preSolution
		Debug|Any CPU = Debug|Any CPU
		Release|Any CPU = Release|Any CPU
	EndGlobalSection
	GlobalSection(ProjectConfigurationPlatforms) = postSolution
		{B2F98D5E-11B5-44D7-B163-3A3B317678D3}.Debug|Any CPU.ActiveCfg = Debug|Any CPU
		{B2F98D5E-11B5-44D7-B163-3A3B317678D3}.Release|Any CPU.ActiveCfg = Release|Any CPU
	EndGlobalSection
	GlobalSection(SolutionProperties) = preSolution
		HideSolutionNode = FALSE
	EndGlobalSection
	GlobalSection(ExtensibilityGlobals) = postSolution
		SolutionGuid = {9F57187E-FD3B-45AE-82B8-CE83154663C2}
	EndGlobalSection
EndGlobal
